// !$*UTF8*$!
{
	archiveVersion = 1;
	classes = {
	};
	objectVersion = 46;
	objects = {

/* Begin PBXBuildFile section */
		F9498F401F357B69003E3DE8 /* KSFacebookButton.framework in Frameworks */ = {isa = PBXBuildFile; fileRef = F9498F3F1F357B69003E3DE8 /* KSFacebookButton.framework */; };
		F9AF67151ECC33370014044B /* AppDelegate.swift in Sources */ = {isa = PBXBuildFile; fileRef = F9AF67141ECC33370014044B /* AppDelegate.swift */; };
		F9AF67171ECC33370014044B /* ViewController.swift in Sources */ = {isa = PBXBuildFile; fileRef = F9AF67161ECC33370014044B /* ViewController.swift */; };
		F9AF671A1ECC33370014044B /* Main.storyboard in Resources */ = {isa = PBXBuildFile; fileRef = F9AF67181ECC33370014044B /* Main.storyboard */; };
		F9AF671C1ECC33380014044B /* Assets.xcassets in Resources */ = {isa = PBXBuildFile; fileRef = F9AF671B1ECC33370014044B /* Assets.xcassets */; };
		F9AF671F1ECC33380014044B /* LaunchScreen.storyboard in Resources */ = {isa = PBXBuildFile; fileRef = F9AF671D1ECC33380014044B /* LaunchScreen.storyboard */; };
/* End PBXBuildFile section */

/* Begin PBXFileReference section */
		F9498F3D1F357A14003E3DE8 /* KSFacebookButton.framework */ = {isa = PBXFileReference; lastKnownFileType = wrapper.framework; name = KSFacebookButton.framework; path = "../KSFacebookButton/build/Debug-iphoneos/KSFacebookButton.framework"; sourceTree = "<group>"; };
		F9498F3F1F357B69003E3DE8 /* KSFacebookButton.framework */ = {isa = PBXFileReference; lastKnownFileType = wrapper.framework; name = KSFacebookButton.framework; path = "../KSFacebookButton/build/Debug-iphoneos/KSFacebookButton.framework"; sourceTree = "<group>"; };
		F9AF67111ECC33370014044B /* KSFacebookButtonExample.app */ = {isa = PBXFileReference; explicitFileType = wrapper.application; includeInIndex = 0; path = KSFacebookButtonExample.app; sourceTree = BUILT_PRODUCTS_DIR; };
		F9AF67141ECC33370014044B /* AppDelegate.swift */ = {isa = PBXFileReference; lastKnownFileType = sourcecode.swift; path = AppDelegate.swift; sourceTree = "<group>"; };
		F9AF67161ECC33370014044B /* ViewController.swift */ = {isa = PBXFileReference; lastKnownFileType = sourcecode.swift; path = ViewController.swift; sourceTree = "<group>"; };
		F9AF67191ECC33370014044B /* Base */ = {isa = PBXFileReference; lastKnownFileType = file.storyboard; name = Base; path = Base.lproj/Main.storyboard; sourceTree = "<group>"; };
		F9AF671B1ECC33370014044B /* Assets.xcassets */ = {isa = PBXFileReference; lastKnownFileType = folder.assetcatalog; path = Assets.xcassets; sourceTree = "<group>"; };
		F9AF671E1ECC33380014044B /* Base */ = {isa = PBXFileReference; lastKnownFileType = file.storyboard; name = Base; path = Base.lproj/LaunchScreen.storyboard; sourceTree = "<group>"; };
		F9AF67201ECC33380014044B /* Info.plist */ = {isa = PBXFileReference; lastKnownFileType = text.plist.xml; path = Info.plist; sourceTree = "<group>"; };
/* End PBXFileReference section */

/* Begin PBXFrameworksBuildPhase section */
		F9AF670E1ECC33370014044B /* Frameworks */ = {
			isa = PBXFrameworksBuildPhase;
			buildActionMask = 2147483647;
			files = (
				F9498F401F357B69003E3DE8 /* KSFacebookButton.framework in Frameworks */,
			);
			runOnlyForDeploymentPostprocessing = 0;
		};
/* End PBXFrameworksBuildPhase section */

/* Begin PBXGroup section */
		F9498F3C1F357A14003E3DE8 /* Frameworks */ = {
			isa = PBXGroup;
			children = (
				F9498F3F1F357B69003E3DE8 /* KSFacebookButton.framework */,
				F9498F3D1F357A14003E3DE8 /* KSFacebookButton.framework */,
			);
			name = Frameworks;
			sourceTree = "<group>";
		};
		F9AF67081ECC33370014044B = {
			isa = PBXGroup;
			children = (
				F9AF67131ECC33370014044B /* KSFacebookButtonExample */,
				F9AF67121ECC33370014044B /* Products */,
				F9498F3C1F357A14003E3DE8 /* Frameworks */,
			);
			sourceTree = "<group>";
		};
		F9AF67121ECC33370014044B /* Products */ = {
			isa = PBXGroup;
			children = (
				F9AF67111ECC33370014044B /* KSFacebookButtonExample.app */,
			);
			name = Products;
			sourceTree = "<group>";
		};
		F9AF67131ECC33370014044B /* KSFacebookButtonExample */ = {
			isa = PBXGroup;
			children = (
				F9AF67141ECC33370014044B /* AppDelegate.swift */,
				F9AF67161ECC33370014044B /* ViewController.swift */,
				F9AF67181ECC33370014044B /* Main.storyboard */,
				F9AF671B1ECC33370014044B /* Assets.xcassets */,
				F9AF671D1ECC33380014044B /* LaunchScreen.storyboard */,
				F9AF67201ECC33380014044B /* Info.plist */,
			);
			path = KSFacebookButtonExample;
			sourceTree = "<group>";
		};
/* End PBXGroup section */

/* Begin PBXNativeTarget section */
		F9AF67101ECC33370014044B /* KSFacebookButtonExample */ = {
			isa = PBXNativeTarget;
			buildConfigurationList = F9AF67231ECC33380014044B /* Build configuration list for PBXNativeTarget "KSFacebookButtonExample" */;
			buildPhases = (
				F9AF670D1ECC33370014044B /* Sources */,
				F9AF670E1ECC33370014044B /* Frameworks */,
				F9AF670F1ECC33370014044B /* Resources */,
			);
			buildRules = (
			);
			dependencies = (
			);
			name = KSFacebookButtonExample;
			productName = KSFacebookButtonExample;
			productReference = F9AF67111ECC33370014044B /* KSFacebookButtonExample.app */;
			productType = "com.apple.product-type.application";
		};
/* End PBXNativeTarget section */

/* Begin PBXProject section */
		F9AF67091ECC33370014044B /* Project object */ = {
			isa = PBXProject;
			attributes = {
				LastSwiftUpdateCheck = 0830;
				LastUpgradeCheck = 0830;
				ORGANIZATIONNAME = "Lee Kah Seng";
				TargetAttributes = {
					F9AF67101ECC33370014044B = {
						CreatedOnToolsVersion = 8.3.2;
						DevelopmentTeam = SM42V25455;
						LastSwiftMigration = 0900;
						ProvisioningStyle = Automatic;
					};
				};
			};
			buildConfigurationList = F9AF670C1ECC33370014044B /* Build configuration list for PBXProject "KSFacebookButtonExample" */;
			compatibilityVersion = "Xcode 3.2";
			developmentRegion = English;
			hasScannedForEncodings = 0;
			knownRegions = (
				en,
				Base,
			);
			mainGroup = F9AF67081ECC33370014044B;
			productRefGroup = F9AF67121ECC33370014044B /* Products */;
			projectDirPath = "";
			projectRoot = "";
			targets = (
				F9AF67101ECC33370014044B /* KSFacebookButtonExample */,
			);
		};
/* End PBXProject section */

/* Begin PBXResourcesBuildPhase section */
		F9AF670F1ECC33370014044B /* Resources */ = {
			isa = PBXResourcesBuildPhase;
			buildActionMask = 2147483647;
			files = (
				F9AF671F1ECC33380014044B /* LaunchScreen.storyboard in Resources */,
				F9AF671C1ECC33380014044B /* Assets.xcassets in Resources */,
				F9AF671A1ECC33370014044B /* Main.storyboard in Resources */,
			);
			runOnlyForDeploymentPostprocessing = 0;
		};
/* End PBXResourcesBuildPhase section */

/* Begin PBXSourcesBuildPhase section */
		F9AF670D1ECC33370014044B /* Sources */ = {
			isa = PBXSourcesBuildPhase;
			buildActionMask = 2147483647;
			files = (
				F9AF67171ECC33370014044B /* ViewController.swift in Sources */,
				F9AF67151ECC33370014044B /* AppDelegate.swift in Sources */,
			);
			runOnlyForDeploymentPostprocessing = 0;
		};
/* End PBXSourcesBuildPhase section */

/* Begin PBXVariantGroup section */
		F9AF67181ECC33370014044B /* Main.storyboard */ = {
			isa = PBXVariantGroup;
			children = (
				F9AF67191ECC33370014044B /* Base */,
			);
			name = Main.storyboard;
			sourceTree = "<group>";
		};
		F9AF671D1ECC33380014044B /* LaunchScreen.storyboard */ = {
			isa = PBXVariantGroup;
			children = (
				F9AF671E1ECC33380014044B /* Base */,
			);
			name = LaunchScreen.storyboard;
			sourceTree = "<group>";
		};
/* End PBXVariantGroup section */

/* Begin XCBuildConfiguration section */
		F9AF67211ECC33380014044B /* Debug */ = {
			isa = XCBuildConfiguration;
			buildSettings = {
				ALWAYS_SEARCH_USER_PATHS = NO;
				CLANG_ANALYZER_NONNULL = YES;
				CLANG_ANALYZER_NUMBER_OBJECT_CONVERSION = YES_AGGRESSIVE;
				CLANG_CXX_LANGUAGE_STANDARD = "gnu++0x";
				CLANG_CXX_LIBRARY = "libc++";
				CLANG_ENABLE_MODULES = YES;
				CLANG_ENABLE_OBJC_ARC = YES;
				CLANG_WARN_BOOL_CONVERSION = YES;
				CLANG_WARN_CONSTANT_CONVERSION = YES;
				CLANG_WARN_DIRECT_OBJC_ISA_USAGE = YES_ERROR;
				CLANG_WARN_DOCUMENTATION_COMMENTS = YES;
				CLANG_WARN_EMPTY_BODY = YES;
				CLANG_WARN_ENUM_CONVERSION = YES;
				CLANG_WARN_INFINITE_RECURSION = YES;
				CLANG_WARN_INT_CONVERSION = YES;
				CLANG_WARN_OBJC_ROOT_CLASS = YES_ERROR;
				CLANG_WARN_SUSPICIOUS_MOVE = YES;
				CLANG_WARN_UNREACHABLE_CODE = YES;
				CLANG_WARN__DUPLICATE_METHOD_MATCH = YES;
				"CODE_SIGN_IDENTITY[sdk=iphoneos*]" = "iPhone Developer";
				COPY_PHASE_STRIP = NO;
				DEBUG_INFORMATION_FORMAT = dwarf;
				ENABLE_STRICT_OBJC_MSGSEND = YES;
				ENABLE_TESTABILITY = YES;
				GCC_C_LANGUAGE_STANDARD = gnu99;
				GCC_DYNAMIC_NO_PIC = NO;
				GCC_NO_COMMON_BLOCKS = YES;
				GCC_OPTIMIZATION_LEVEL = 0;
				GCC_PREPROCESSOR_DEFINITIONS = (
					"DEBUG=1",
					"$(inherited)",
				);
				GCC_WARN_64_TO_32_BIT_CONVERSION = YES;
				GCC_WARN_ABOUT_RETURN_TYPE = YES_ERROR;
				GCC_WARN_UNDECLARED_SELECTOR = YES;
				GCC_WARN_UNINITIALIZED_AUTOS = YES_AGGRESSIVE;
				GCC_WARN_UNUSED_FUNCTION = YES;
				GCC_WARN_UNUSED_VARIABLE = YES;
				IPHONEOS_DEPLOYMENT_TARGET = 10.3;
				MTL_ENABLE_DEBUG_INFO = YES;
				ONLY_ACTIVE_ARCH = YES;
				SDKROOT = iphoneos;
				SWIFT_ACTIVE_COMPILATION_CONDITIONS = DEBUG;
				SWIFT_OPTIMIZATION_LEVEL = "-Onone";
			};
			name = Debug;
		};
		F9AF67221ECC33380014044B /* Release */ = {
			isa = XCBuildConfiguration;
			buildSettings = {
				ALWAYS_SEARCH_USER_PATHS = NO;
				CLANG_ANALYZER_NONNULL = YES;
				CLANG_ANALYZER_NUMBER_OBJECT_CONVERSION = YES_AGGRESSIVE;
				CLANG_CXX_LANGUAGE_STANDARD = "gnu++0x";
				CLANG_CXX_LIBRARY = "libc++";
				CLANG_ENABLE_MODULES = YES;
				CLANG_ENABLE_OBJC_ARC = YES;
				CLANG_WARN_BOOL_CONVERSION = YES;
				CLANG_WARN_CONSTANT_CONVERSION = YES;
				CLANG_WARN_DIRECT_OBJC_ISA_USAGE = YES_ERROR;
				CLANG_WARN_DOCUMENTATION_COMMENTS = YES;
				CLANG_WARN_EMPTY_BODY = YES;
				CLANG_WARN_ENUM_CONVERSION = YES;
				CLANG_WARN_INFINITE_RECURSION = YES;
				CLANG_WARN_INT_CONVERSION = YES;
				CLANG_WARN_OBJC_ROOT_CLASS = YES_ERROR;
				CLANG_WARN_SUSPICIOUS_MOVE = YES;
				CLANG_WARN_UNREACHABLE_CODE = YES;
				CLANG_WARN__DUPLICATE_METHOD_MATCH = YES;
				"CODE_SIGN_IDENTITY[sdk=iphoneos*]" = "iPhone Developer";
				COPY_PHASE_STRIP = NO;
				DEBUG_INFORMATION_FORMAT = "dwarf-with-dsym";
				ENABLE_NS_ASSERTIONS = NO;
				ENABLE_STRICT_OBJC_MSGSEND = YES;
				GCC_C_LANGUAGE_STANDARD = gnu99;
				GCC_NO_COMMON_BLOCKS = YES;
				GCC_WARN_64_TO_32_BIT_CONVERSION = YES;
				GCC_WARN_ABOUT_RETURN_TYPE = YES_ERROR;
				GCC_WARN_UNDECLARED_SELECTOR = YES;
				GCC_WARN_UNINITIALIZED_AUTOS = YES_AGGRESSIVE;
				GCC_WARN_UNUSED_FUNCTION = YES;
				GCC_WARN_UNUSED_VARIABLE = YES;
				IPHONEOS_DEPLOYMENT_TARGET = 10.3;
				MTL_ENABLE_DEBUG_INFO = NO;
				SDKROOT = iphoneos;
				SWIFT_OPTIMIZATION_LEVEL = "-Owholemodule";
				VALIDATE_PRODUCT = YES;
			};
			name = Release;
		};
		F9AF67241ECC33380014044B /* Debug */ = {
			isa = XCBuildConfiguration;
			buildSettings = {
				ASSETCATALOG_COMPILER_APPICON_NAME = AppIcon;
				DEVELOPMENT_TEAM = SM42V25455;
				INFOPLIST_FILE = KSFacebookButtonExample/Info.plist;
				LD_RUNPATH_SEARCH_PATHS = "$(inherited) @executable_path/Frameworks";
				PRODUCT_BUNDLE_IDENTIFIER = com.LeeKahSeng.KSFacebookButtonExample;
				PRODUCT_NAME = "$(TARGET_NAME)";
				SWIFT_SWIFT3_OBJC_INFERENCE = Default;
				SWIFT_VERSION = 4.0;
			};
			name = Debug;
		};
		F9AF67251ECC33380014044B /* Release */ = {
			isa = XCBuildConfiguration;
			buildSettings = {
				ASSETCATALOG_COMPILER_APPICON_NAME = AppIcon;
				DEVELOPMENT_TEAM = SM42V25455;
				INFOPLIST_FILE = KSFacebookButtonExample/Info.plist;
				LD_RUNPATH_SEARCH_PATHS = "$(inherited) @executable_path/Frameworks";
				PRODUCT_BUNDLE_IDENTIFIER = com.LeeKahSeng.KSFacebookButtonExample;
				PRODUCT_NAME = "$(TARGET_NAME)";
				SWIFT_SWIFT3_OBJC_INFERENCE = Default;
				SWIFT_VERSION = 4.0;
			};
			name = Release;
		};
/* End XCBuildConfiguration section */

/* Begin XCConfigurationList section */
		F9AF670C1ECC33370014044B /* Build configuration list for PBXProject "KSFacebookButtonExample" */ = {
			isa = XCConfigurationList;
			buildConfigurations = (
				F9AF67211ECC33380014044B /* Debug */,
				F9AF67221ECC33380014044B /* Release */,
			);
			defaultConfigurationIsVisible = 0;
			defaultConfigurationName = Release;
		};
		F9AF67231ECC33380014044B /* Build configuration list for PBXNativeTarget "KSFacebookButtonExample" */ = {
			isa = XCConfigurationList;
			buildConfigurations = (
				F9AF67241ECC33380014044B /* Debug */,
				F9AF67251ECC33380014044B /* Release */,
			);
			defaultConfigurationIsVisible = 0;
			defaultConfigurationName = Release;
		};
/* End XCConfigurationList section */
	};
	rootObject = F9AF67091ECC33370014044B /* Project object */;
}
